<Solution>
  <Project Path="ProductCRUD.API/ProductCRUD.API.csproj" Id="5e075e81-e404-499e-9a33-8f5492a93faa" />
  <Project Path="ProductCRUD.Data/ProductCRUD.Data.csproj" Id="5ddc283e-f0b6-4269-a13e-eb606955130d" />
  <Project Path="ProductCRUD.Domain/ProductCRUD.Domain.csproj" Id="e3bb9711-c80b-46d3-89cf-f1e6922eabb1" />
</Solution>
